// !$*UTF8*$!
{
	archiveVersion = 1;
	classes = {
	};
	objectVersion = 46;
	objects = {

/* Begin PBXBuildFile section */
		4A7773291DFBAF4900F43A39 /* AppDelegate.swift in Sources */ = {isa = PBXBuildFile; fileRef = 4A7773281DFBAF4900F43A39 /* AppDelegate.swift */; };
		4A77732B1DFBAF4900F43A39 /* MealViewController.swift in Sources */ = {isa = PBXBuildFile; fileRef = 4A77732A1DFBAF4900F43A39 /* MealViewController.swift */; };
		4A77732E1DFBAF4900F43A39 /* Main.storyboard in Resources */ = {isa = PBXBuildFile; fileRef = 4A77732C1DFBAF4900F43A39 /* Main.storyboard */; };
		4A7773301DFBAF4900F43A39 /* Assets.xcassets in Resources */ = {isa = PBXBuildFile; fileRef = 4A77732F1DFBAF4900F43A39 /* Assets.xcassets */; };
		4A7773331DFBAF4900F43A39 /* LaunchScreen.storyboard in Resources */ = {isa = PBXBuildFile; fileRef = 4A7773311DFBAF4900F43A39 /* LaunchScreen.storyboard */; };
		4A77733E1DFBAF4A00F43A39 /* FoodTrackerTests.swift in Sources */ = {isa = PBXBuildFile; fileRef = 4A77733D1DFBAF4A00F43A39 /* FoodTrackerTests.swift */; };
		4A7773491DFBAF4A00F43A39 /* FoodTrackerUITests.swift in Sources */ = {isa = PBXBuildFile; fileRef = 4A7773481DFBAF4A00F43A39 /* FoodTrackerUITests.swift */; };
		4A7773571DFC804B00F43A39 /* RatingControl.swift in Sources */ = {isa = PBXBuildFile; fileRef = 4A7773561DFC804B00F43A39 /* RatingControl.swift */; };
		4A7773591DFCB2E800F43A39 /* Meal.swift in Sources */ = {isa = PBXBuildFile; fileRef = 4A7773581DFCB2E800F43A39 /* Meal.swift */; };
		4A77735A1DFCB2E800F43A39 /* Meal.swift in Sources */ = {isa = PBXBuildFile; fileRef = 4A7773581DFCB2E800F43A39 /* Meal.swift */; };
		4A77735C1DFCBA5F00F43A39 /* MealTableViewCell.swift in Sources */ = {isa = PBXBuildFile; fileRef = 4A77735B1DFCBA5F00F43A39 /* MealTableViewCell.swift */; };
		4A77735E1DFCBCF700F43A39 /* MealTableViewController.swift in Sources */ = {isa = PBXBuildFile; fileRef = 4A77735D1DFCBCF700F43A39 /* MealTableViewController.swift */; };
/* End PBXBuildFile section */

/* Begin PBXContainerItemProxy section */
		4A77733A1DFBAF4A00F43A39 /* PBXContainerItemProxy */ = {
			isa = PBXContainerItemProxy;
			containerPortal = 4A77731D1DFBAF4900F43A39 /* Project object */;
			proxyType = 1;
			remoteGlobalIDString = 4A7773241DFBAF4900F43A39;
			remoteInfo = FoodTracker;
		};
		4A7773451DFBAF4A00F43A39 /* PBXContainerItemProxy */ = {
			isa = PBXContainerItemProxy;
			containerPortal = 4A77731D1DFBAF4900F43A39 /* Project object */;
			proxyType = 1;
			remoteGlobalIDString = 4A7773241DFBAF4900F43A39;
			remoteInfo = FoodTracker;
		};
/* End PBXContainerItemProxy section */

/* Begin PBXFileReference section */
		4A7773251DFBAF4900F43A39 /* FoodTracker.app */ = {isa = PBXFileReference; explicitFileType = wrapper.application; includeInIndex = 0; path = FoodTracker.app; sourceTree = BUILT_PRODUCTS_DIR; };
		4A7773281DFBAF4900F43A39 /* AppDelegate.swift */ = {isa = PBXFileReference; lastKnownFileType = sourcecode.swift; path = AppDelegate.swift; sourceTree = "<group>"; };
		4A77732A1DFBAF4900F43A39 /* MealViewController.swift */ = {isa = PBXFileReference; lastKnownFileType = sourcecode.swift; path = MealViewController.swift; sourceTree = "<group>"; };
		4A77732D1DFBAF4900F43A39 /* Base */ = {isa = PBXFileReference; lastKnownFileType = file.storyboard; name = Base; path = Base.lproj/Main.storyboard; sourceTree = "<group>"; };
		4A77732F1DFBAF4900F43A39 /* Assets.xcassets */ = {isa = PBXFileReference; lastKnownFileType = folder.assetcatalog; path = Assets.xcassets; sourceTree = "<group>"; };
		4A7773321DFBAF4900F43A39 /* Base */ = {isa = PBXFileReference; lastKnownFileType = file.storyboard; name = Base; path = Base.lproj/LaunchScreen.storyboard; sourceTree = "<group>"; };
		4A7773341DFBAF4900F43A39 /* Info.plist */ = {isa = PBXFileReference; lastKnownFileType = text.plist.xml; path = Info.plist; sourceTree = "<group>"; };
		4A7773391DFBAF4A00F43A39 /* FoodTrackerTests.xctest */ = {isa = PBXFileReference; explicitFileType = wrapper.cfbundle; includeInIndex = 0; path = FoodTrackerTests.xctest; sourceTree = BUILT_PRODUCTS_DIR; };
		4A77733D1DFBAF4A00F43A39 /* FoodTrackerTests.swift */ = {isa = PBXFileReference; lastKnownFileType = sourcecode.swift; path = FoodTrackerTests.swift; sourceTree = "<group>"; };
		4A77733F1DFBAF4A00F43A39 /* Info.plist */ = {isa = PBXFileReference; lastKnownFileType = text.plist.xml; path = Info.plist; sourceTree = "<group>"; };
		4A7773441DFBAF4A00F43A39 /* FoodTrackerUITests.xctest */ = {isa = PBXFileReference; explicitFileType = wrapper.cfbundle; includeInIndex = 0; path = FoodTrackerUITests.xctest; sourceTree = BUILT_PRODUCTS_DIR; };
		4A7773481DFBAF4A00F43A39 /* FoodTrackerUITests.swift */ = {isa = PBXFileReference; lastKnownFileType = sourcecode.swift; path = FoodTrackerUITests.swift; sourceTree = "<group>"; };
		4A77734A1DFBAF4A00F43A39 /* Info.plist */ = {isa = PBXFileReference; lastKnownFileType = text.plist.xml; path = Info.plist; sourceTree = "<group>"; };
		4A7773561DFC804B00F43A39 /* RatingControl.swift */ = {isa = PBXFileReference; fileEncoding = 4; lastKnownFileType = sourcecode.swift; path = RatingControl.swift; sourceTree = "<group>"; };
		4A7773581DFCB2E800F43A39 /* Meal.swift */ = {isa = PBXFileReference; fileEncoding = 4; lastKnownFileType = sourcecode.swift; path = Meal.swift; sourceTree = "<group>"; };
		4A77735B1DFCBA5F00F43A39 /* MealTableViewCell.swift */ = {isa = PBXFileReference; fileEncoding = 4; lastKnownFileType = sourcecode.swift; path = MealTableViewCell.swift; sourceTree = "<group>"; };
		4A77735D1DFCBCF700F43A39 /* MealTableViewController.swift */ = {isa = PBXFileReference; fileEncoding = 4; lastKnownFileType = sourcecode.swift; path = MealTableViewController.swift; sourceTree = "<group>"; };
/* End PBXFileReference section */

/* Begin PBXFrameworksBuildPhase section */
		4A7773221DFBAF4900F43A39 /* Frameworks */ = {
			isa = PBXFrameworksBuildPhase;
			buildActionMask = 2147483647;
			files = (
			);
			runOnlyForDeploymentPostprocessing = 0;
		};
		4A7773361DFBAF4A00F43A39 /* Frameworks */ = {
			isa = PBXFrameworksBuildPhase;
			buildActionMask = 2147483647;
			files = (
			);
			runOnlyForDeploymentPostprocessing = 0;
		};
		4A7773411DFBAF4A00F43A39 /* Frameworks */ = {
			isa = PBXFrameworksBuildPhase;
			buildActionMask = 2147483647;
			files = (
			);
			runOnlyForDeploymentPostprocessing = 0;
		};
/* End PBXFrameworksBuildPhase section */

/* Begin PBXGroup section */
		4A77731C1DFBAF4900F43A39 = {
			isa = PBXGroup;
			children = (
				4A7773271DFBAF4900F43A39 /* FoodTracker */,
				4A77733C1DFBAF4A00F43A39 /* FoodTrackerTests */,
				4A7773471DFBAF4A00F43A39 /* FoodTrackerUITests */,
				4A7773261DFBAF4900F43A39 /* Products */,
			);
			sourceTree = "<group>";
		};
		4A7773261DFBAF4900F43A39 /* Products */ = {
			isa = PBXGroup;
			children = (
				4A7773251DFBAF4900F43A39 /* FoodTracker.app */,
				4A7773391DFBAF4A00F43A39 /* FoodTrackerTests.xctest */,
				4A7773441DFBAF4A00F43A39 /* FoodTrackerUITests.xctest */,
			);
			name = Products;
			sourceTree = "<group>";
		};
		4A7773271DFBAF4900F43A39 /* FoodTracker */ = {
			isa = PBXGroup;
			children = (
				4A7773281DFBAF4900F43A39 /* AppDelegate.swift */,
				4A77732A1DFBAF4900F43A39 /* MealViewController.swift */,
				4A77732C1DFBAF4900F43A39 /* Main.storyboard */,
				4A77732F1DFBAF4900F43A39 /* Assets.xcassets */,
				4A7773311DFBAF4900F43A39 /* LaunchScreen.storyboard */,
				4A7773341DFBAF4900F43A39 /* Info.plist */,
				4A7773561DFC804B00F43A39 /* RatingControl.swift */,
				4A7773581DFCB2E800F43A39 /* Meal.swift */,
				4A77735B1DFCBA5F00F43A39 /* MealTableViewCell.swift */,
				4A77735D1DFCBCF700F43A39 /* MealTableViewController.swift */,
			);
			path = FoodTracker;
			sourceTree = "<group>";
		};
		4A77733C1DFBAF4A00F43A39 /* FoodTrackerTests */ = {
			isa = PBXGroup;
			children = (
				4A77733D1DFBAF4A00F43A39 /* FoodTrackerTests.swift */,
				4A77733F1DFBAF4A00F43A39 /* Info.plist */,
			);
			path = FoodTrackerTests;
			sourceTree = "<group>";
		};
		4A7773471DFBAF4A00F43A39 /* FoodTrackerUITests */ = {
			isa = PBXGroup;
			children = (
				4A7773481DFBAF4A00F43A39 /* FoodTrackerUITests.swift */,
				4A77734A1DFBAF4A00F43A39 /* Info.plist */,
			);
			path = FoodTrackerUITests;
			sourceTree = "<group>";
		};
/* End PBXGroup section */

/* Begin PBXNativeTarget section */
		4A7773241DFBAF4900F43A39 /* FoodTracker */ = {
			isa = PBXNativeTarget;
			buildConfigurationList = 4A77734D1DFBAF4A00F43A39 /* Build configuration list for PBXNativeTarget "FoodTracker" */;
			buildPhases = (
				4A7773211DFBAF4900F43A39 /* Sources */,
				4A7773221DFBAF4900F43A39 /* Frameworks */,
				4A7773231DFBAF4900F43A39 /* Resources */,
			);
			buildRules = (
			);
			dependencies = (
			);
			name = FoodTracker;
			productName = FoodTracker;
			productReference = 4A7773251DFBAF4900F43A39 /* FoodTracker.app */;
			productType = "com.apple.product-type.application";
		};
		4A7773381DFBAF4A00F43A39 /* FoodTrackerTests */ = {
			isa = PBXNativeTarget;
			buildConfigurationList = 4A7773501DFBAF4A00F43A39 /* Build configuration list for PBXNativeTarget "FoodTrackerTests" */;
			buildPhases = (
				4A7773351DFBAF4A00F43A39 /* Sources */,
				4A7773361DFBAF4A00F43A39 /* Frameworks */,
				4A7773371DFBAF4A00F43A39 /* Resources */,
			);
			buildRules = (
			);
			dependencies = (
				4A77733B1DFBAF4A00F43A39 /* PBXTargetDependency */,
			);
			name = FoodTrackerTests;
			productName = FoodTrackerTests;
			productReference = 4A7773391DFBAF4A00F43A39 /* FoodTrackerTests.xctest */;
			productType = "com.apple.product-type.bundle.unit-test";
		};
		4A7773431DFBAF4A00F43A39 /* FoodTrackerUITests */ = {
			isa = PBXNativeTarget;
			buildConfigurationList = 4A7773531DFBAF4A00F43A39 /* Build configuration list for PBXNativeTarget "FoodTrackerUITests" */;
			buildPhases = (
				4A7773401DFBAF4A00F43A39 /* Sources */,
				4A7773411DFBAF4A00F43A39 /* Frameworks */,
				4A7773421DFBAF4A00F43A39 /* Resources */,
			);
			buildRules = (
			);
			dependencies = (
				4A7773461DFBAF4A00F43A39 /* PBXTargetDependency */,
			);
			name = FoodTrackerUITests;
			productName = FoodTrackerUITests;
			productReference = 4A7773441DFBAF4A00F43A39 /* FoodTrackerUITests.xctest */;
			productType = "com.apple.product-type.bundle.ui-testing";
		};
/* End PBXNativeTarget section */

/* Begin PBXProject section */
		4A77731D1DFBAF4900F43A39 /* Project object */ = {
			isa = PBXProject;
			attributes = {
				LastSwiftUpdateCheck = 0810;
				LastUpgradeCheck = 0810;
				ORGANIZATIONNAME = "Adam McNeilly";
				TargetAttributes = {
					4A7773241DFBAF4900F43A39 = {
						CreatedOnToolsVersion = 8.1;
						ProvisioningStyle = Automatic;
					};
					4A7773381DFBAF4A00F43A39 = {
						CreatedOnToolsVersion = 8.1;
						ProvisioningStyle = Automatic;
						TestTargetID = 4A7773241DFBAF4900F43A39;
					};
					4A7773431DFBAF4A00F43A39 = {
						CreatedOnToolsVersion = 8.1;
						ProvisioningStyle = Automatic;
						TestTargetID = 4A7773241DFBAF4900F43A39;
					};
				};
			};
			buildConfigurationList = 4A7773201DFBAF4900F43A39 /* Build configuration list for PBXProject "FoodTracker" */;
			compatibilityVersion = "Xcode 3.2";
			developmentRegion = English;
			hasScannedForEncodings = 0;
			knownRegions = (
				en,
				Base,
			);
			mainGroup = 4A77731C1DFBAF4900F43A39;
			productRefGroup = 4A7773261DFBAF4900F43A39 /* Products */;
			projectDirPath = "";
			projectRoot = "";
			targets = (
				4A7773241DFBAF4900F43A39 /* FoodTracker */,
				4A7773381DFBAF4A00F43A39 /* FoodTrackerTests */,
				4A7773431DFBAF4A00F43A39 /* FoodTrackerUITests */,
			);
		};
/* End PBXProject section */

/* Begin PBXResourcesBuildPhase section */
		4A7773231DFBAF4900F43A39 /* Resources */ = {
			isa = PBXResourcesBuildPhase;
			buildActionMask = 2147483647;
			files = (
				4A7773331DFBAF4900F43A39 /* LaunchScreen.storyboard in Resources */,
				4A7773301DFBAF4900F43A39 /* Assets.xcassets in Resources */,
				4A77732E1DFBAF4900F43A39 /* Main.storyboard in Resources */,
			);
			runOnlyForDeploymentPostprocessing = 0;
		};
		4A7773371DFBAF4A00F43A39 /* Resources */ = {
			isa = PBXResourcesBuildPhase;
			buildActionMask = 2147483647;
			files = (
			);
			runOnlyForDeploymentPostprocessing = 0;
		};
		4A7773421DFBAF4A00F43A39 /* Resources */ = {
			isa = PBXResourcesBuildPhase;
			buildActionMask = 2147483647;
			files = (
			);
			runOnlyForDeploymentPostprocessing = 0;
		};
/* End PBXResourcesBuildPhase section */

/* Begin PBXSourcesBuildPhase section */
		4A7773211DFBAF4900F43A39 /* Sources */ = {
			isa = PBXSourcesBuildPhase;
			buildActionMask = 2147483647;
			files = (
				4A7773591DFCB2E800F43A39 /* Meal.swift in Sources */,
				4A77732B1DFBAF4900F43A39 /* MealViewController.swift in Sources */,
				4A7773571DFC804B00F43A39 /* RatingControl.swift in Sources */,
				4A7773291DFBAF4900F43A39 /* AppDelegate.swift in Sources */,
				4A77735E1DFCBCF700F43A39 /* MealTableViewController.swift in Sources */,
				4A77735C1DFCBA5F00F43A39 /* MealTableViewCell.swift in Sources */,
			);
			runOnlyForDeploymentPostprocessing = 0;
		};
		4A7773351DFBAF4A00F43A39 /* Sources */ = {
			isa = PBXSourcesBuildPhase;
			buildActionMask = 2147483647;
			files = (
				4A77735A1DFCB2E800F43A39 /* Meal.swift in Sources */,
				4A77733E1DFBAF4A00F43A39 /* FoodTrackerTests.swift in Sources */,
			);
			runOnlyForDeploymentPostprocessing = 0;
		};
		4A7773401DFBAF4A00F43A39 /* Sources */ = {
			isa = PBXSourcesBuildPhase;
			buildActionMask = 2147483647;
			files = (
				4A7773491DFBAF4A00F43A39 /* FoodTrackerUITests.swift in Sources */,
			);
			runOnlyForDeploymentPostprocessing = 0;
		};
/* End PBXSourcesBuildPhase section */

/* Begin PBXTargetDependency section */
		4A77733B1DFBAF4A00F43A39 /* PBXTargetDependency */ = {
			isa = PBXTargetDependency;
			target = 4A7773241DFBAF4900F43A39 /* FoodTracker */;
			targetProxy = 4A77733A1DFBAF4A00F43A39 /* PBXContainerItemProxy */;
		};
		4A7773461DFBAF4A00F43A39 /* PBXTargetDependency */ = {
			isa = PBXTargetDependency;
			target = 4A7773241DFBAF4900F43A39 /* FoodTracker */;
			targetProxy = 4A7773451DFBAF4A00F43A39 /* PBXContainerItemProxy */;
		};
/* End PBXTargetDependency section */

/* Begin PBXVariantGroup section */
		4A77732C1DFBAF4900F43A39 /* Main.storyboard */ = {
			isa = PBXVariantGroup;
			children = (
				4A77732D1DFBAF4900F43A39 /* Base */,
			);
			name = Main.storyboard;
			sourceTree = "<group>";
		};
		4A7773311DFBAF4900F43A39 /* LaunchScreen.storyboard */ = {
			isa = PBXVariantGroup;
			children = (
				4A7773321DFBAF4900F43A39 /* Base */,
			);
			name = LaunchScreen.storyboard;
			sourceTree = "<group>";
		};
/* End PBXVariantGroup section */

/* Begin XCBuildConfiguration section */
		4A77734B1DFBAF4A00F43A39 /* Debug */ = {
			isa = XCBuildConfiguration;
			buildSettings = {
				ALWAYS_SEARCH_USER_PATHS = NO;
				CLANG_ANALYZER_NONNULL = YES;
				CLANG_CXX_LANGUAGE_STANDARD = "gnu++0x";
				CLANG_CXX_LIBRARY = "libc++";
				CLANG_ENABLE_MODULES = YES;
				CLANG_ENABLE_OBJC_ARC = YES;
				CLANG_WARN_BOOL_CONVERSION = YES;
				CLANG_WARN_CONSTANT_CONVERSION = YES;
				CLANG_WARN_DIRECT_OBJC_ISA_USAGE = YES_ERROR;
				CLANG_WARN_DOCUMENTATION_COMMENTS = YES;
				CLANG_WARN_EMPTY_BODY = YES;
				CLANG_WARN_ENUM_CONVERSION = YES;
				CLANG_WARN_INFINITE_RECURSION = YES;
				CLANG_WARN_INT_CONVERSION = YES;
				CLANG_WARN_OBJC_ROOT_CLASS = YES_ERROR;
				CLANG_WARN_SUSPICIOUS_MOVES = YES;
				CLANG_WARN_UNREACHABLE_CODE = YES;
				CLANG_WARN__DUPLICATE_METHOD_MATCH = YES;
				"CODE_SIGN_IDENTITY[sdk=iphoneos*]" = "iPhone Developer";
				COPY_PHASE_STRIP = NO;
				DEBUG_INFORMATION_FORMAT = dwarf;
				ENABLE_STRICT_OBJC_MSGSEND = YES;
				ENABLE_TESTABILITY = YES;
				GCC_C_LANGUAGE_STANDARD = gnu99;
				GCC_DYNAMIC_NO_PIC = NO;
				GCC_NO_COMMON_BLOCKS = YES;
				GCC_OPTIMIZATION_LEVEL = 0;
				GCC_PREPROCESSOR_DEFINITIONS = (
					"DEBUG=1",
					"$(inherited)",
				);
				GCC_WARN_64_TO_32_BIT_CONVERSION = YES;
				GCC_WARN_ABOUT_RETURN_TYPE = YES_ERROR;
				GCC_WARN_UNDECLARED_SELECTOR = YES;
				GCC_WARN_UNINITIALIZED_AUTOS = YES_AGGRESSIVE;
				GCC_WARN_UNUSED_FUNCTION = YES;
				GCC_WARN_UNUSED_VARIABLE = YES;
				IPHONEOS_DEPLOYMENT_TARGET = 10.1;
				MTL_ENABLE_DEBUG_INFO = YES;
				ONLY_ACTIVE_ARCH = YES;
				SDKROOT = iphoneos;
				SWIFT_ACTIVE_COMPILATION_CONDITIONS = DEBUG;
				SWIFT_OPTIMIZATION_LEVEL = "-Onone";
				TARGETED_DEVICE_FAMILY = "1,2";
			};
			name = Debug;
		};
		4A77734C1DFBAF4A00F43A39 /* Release */ = {
			isa = XCBuildConfiguration;
			buildSettings = {
				ALWAYS_SEARCH_USER_PATHS = NO;
				CLANG_ANALYZER_NONNULL = YES;
				CLANG_CXX_LANGUAGE_STANDARD = "gnu++0x";
				CLANG_CXX_LIBRARY = "libc++";
				CLANG_ENABLE_MODULES = YES;
				CLANG_ENABLE_OBJC_ARC = YES;
				CLANG_WARN_BOOL_CONVERSION = YES;
				CLANG_WARN_CONSTANT_CONVERSION = YES;
				CLANG_WARN_DIRECT_OBJC_ISA_USAGE = YES_ERROR;
				CLANG_WARN_DOCUMENTATION_COMMENTS = YES;
				CLANG_WARN_EMPTY_BODY = YES;
				CLANG_WARN_ENUM_CONVERSION = YES;
				CLANG_WARN_INFINITE_RECURSION = YES;
				CLANG_WARN_INT_CONVERSION = YES;
				CLANG_WARN_OBJC_ROOT_CLASS = YES_ERROR;
				CLANG_WARN_SUSPICIOUS_MOVES = YES;
				CLANG_WARN_UNREACHABLE_CODE = YES;
				CLANG_WARN__DUPLICATE_METHOD_MATCH = YES;
				"CODE_SIGN_IDENTITY[sdk=iphoneos*]" = "iPhone Developer";
				COPY_PHASE_STRIP = NO;
				DEBUG_INFORMATION_FORMAT = "dwarf-with-dsym";
				ENABLE_NS_ASSERTIONS = NO;
				ENABLE_STRICT_OBJC_MSGSEND = YES;
				GCC_C_LANGUAGE_STANDARD = gnu99;
				GCC_NO_COMMON_BLOCKS = YES;
				GCC_WARN_64_TO_32_BIT_CONVERSION = YES;
				GCC_WARN_ABOUT_RETURN_TYPE = YES_ERROR;
				GCC_WARN_UNDECLARED_SELECTOR = YES;
				GCC_WARN_UNINITIALIZED_AUTOS = YES_AGGRESSIVE;
				GCC_WARN_UNUSED_FUNCTION = YES;
				GCC_WARN_UNUSED_VARIABLE = YES;
				IPHONEOS_DEPLOYMENT_TARGET = 10.1;
				MTL_ENABLE_DEBUG_INFO = NO;
				SDKROOT = iphoneos;
				SWIFT_OPTIMIZATION_LEVEL = "-Owholemodule";
				TARGETED_DEVICE_FAMILY = "1,2";
				VALIDATE_PRODUCT = YES;
			};
			name = Release;
		};
		4A77734E1DFBAF4A00F43A39 /* Debug */ = {
			isa = XCBuildConfiguration;
			buildSettings = {
				ASSETCATALOG_COMPILER_APPICON_NAME = AppIcon;
				INFOPLIST_FILE = FoodTracker/Info.plist;
				LD_RUNPATH_SEARCH_PATHS = "$(inherited) @executable_path/Frameworks";
				PRODUCT_BUNDLE_IDENTIFIER = com.adammcneilly.FoodTracker;
				PRODUCT_NAME = "$(TARGET_NAME)";
				SWIFT_VERSION = 3.0;
			};
			name = Debug;
		};
		4A77734F1DFBAF4A00F43A39 /* Release */ = {
			isa = XCBuildConfiguration;
			buildSettings = {
				ASSETCATALOG_COMPILER_APPICON_NAME = AppIcon;
				INFOPLIST_FILE = FoodTracker/Info.plist;
				LD_RUNPATH_SEARCH_PATHS = "$(inherited) @executable_path/Frameworks";
				PRODUCT_BUNDLE_IDENTIFIER = com.adammcneilly.FoodTracker;
				PRODUCT_NAME = "$(TARGET_NAME)";
				SWIFT_VERSION = 3.0;
			};
			name = Release;
		};
		4A7773511DFBAF4A00F43A39 /* Debug */ = {
			isa = XCBuildConfiguration;
			buildSettings = {
				ALWAYS_EMBED_SWIFT_STANDARD_LIBRARIES = YES;
				BUNDLE_LOADER = "$(TEST_HOST)";
				INFOPLIST_FILE = FoodTrackerTests/Info.plist;
				LD_RUNPATH_SEARCH_PATHS = "$(inherited) @executable_path/Frameworks @loader_path/Frameworks";
				PRODUCT_BUNDLE_IDENTIFIER = com.adammcneilly.FoodTrackerTests;
				PRODUCT_NAME = "$(TARGET_NAME)";
				SWIFT_VERSION = 3.0;
				TEST_HOST = "$(BUILT_PRODUCTS_DIR)/FoodTracker.app/FoodTracker";
			};
			name = Debug;
		};
		4A7773521DFBAF4A00F43A39 /* Release */ = {
			isa = XCBuildConfiguration;
			buildSettings = {
				ALWAYS_EMBED_SWIFT_STANDARD_LIBRARIES = YES;
				BUNDLE_LOADER = "$(TEST_HOST)";
				INFOPLIST_FILE = FoodTrackerTests/Info.plist;
				LD_RUNPATH_SEARCH_PATHS = "$(inherited) @executable_path/Frameworks @loader_path/Frameworks";
				PRODUCT_BUNDLE_IDENTIFIER = com.adammcneilly.FoodTrackerTests;
				PRODUCT_NAME = "$(TARGET_NAME)";
				SWIFT_VERSION = 3.0;
				TEST_HOST = "$(BUILT_PRODUCTS_DIR)/FoodTracker.app/FoodTracker";
			};
			name = Release;
		};
		4A7773541DFBAF4A00F43A39 /* Debug */ = {
			isa = XCBuildConfiguration;
			buildSettings = {
				ALWAYS_EMBED_SWIFT_STANDARD_LIBRARIES = YES;
				INFOPLIST_FILE = FoodTrackerUITests/Info.plist;
				LD_RUNPATH_SEARCH_PATHS = "$(inherited) @executable_path/Frameworks @loader_path/Frameworks";
				PRODUCT_BUNDLE_IDENTIFIER = com.adammcneilly.FoodTrackerUITests;
				PRODUCT_NAME = "$(TARGET_NAME)";
				SWIFT_VERSION = 3.0;
				TEST_TARGET_NAME = FoodTracker;
			};
			name = Debug;
		};
		4A7773551DFBAF4A00F43A39 /* Release */ = {
			isa = XCBuildConfiguration;
			buildSettings = {
				ALWAYS_EMBED_SWIFT_STANDARD_LIBRARIES = YES;
				INFOPLIST_FILE = FoodTrackerUITests/Info.plist;
				LD_RUNPATH_SEARCH_PATHS = "$(inherited) @executable_path/Frameworks @loader_path/Frameworks";
				PRODUCT_BUNDLE_IDENTIFIER = com.adammcneilly.FoodTrackerUITests;
				PRODUCT_NAME = "$(TARGET_NAME)";
				SWIFT_VERSION = 3.0;
				TEST_TARGET_NAME = FoodTracker;
			};
			name = Release;
		};
/* End XCBuildConfiguration section */

/* Begin XCConfigurationList section */
		4A7773201DFBAF4900F43A39 /* Build configuration list for PBXProject "FoodTracker" */ = {
			isa = XCConfigurationList;
			buildConfigurations = (
				4A77734B1DFBAF4A00F43A39 /* Debug */,
				4A77734C1DFBAF4A00F43A39 /* Release */,
			);
			defaultConfigurationIsVisible = 0;
			defaultConfigurationName = Release;
		};
		4A77734D1DFBAF4A00F43A39 /* Build configuration list for PBXNativeTarget "FoodTracker" */ = {
			isa = XCConfigurationList;
			buildConfigurations = (
				4A77734E1DFBAF4A00F43A39 /* Debug */,
				4A77734F1DFBAF4A00F43A39 /* Release */,
			);
			defaultConfigurationIsVisible = 0;
			defaultConfigurationName = Release;
		};
		4A7773501DFBAF4A00F43A39 /* Build configuration list for PBXNativeTarget "FoodTrackerTests" */ = {
			isa = XCConfigurationList;
			buildConfigurations = (
				4A7773511DFBAF4A00F43A39 /* Debug */,
				4A7773521DFBAF4A00F43A39 /* Release */,
			);
			defaultConfigurationIsVisible = 0;
			defaultConfigurationName = Release;
		};
		4A7773531DFBAF4A00F43A39 /* Build configuration list for PBXNativeTarget "FoodTrackerUITests" */ = {
			isa = XCConfigurationList;
			buildConfigurations = (
				4A7773541DFBAF4A00F43A39 /* Debug */,
				4A7773551DFBAF4A00F43A39 /* Release */,
			);
			defaultConfigurationIsVisible = 0;
			defaultConfigurationName = Release;
		};
/* End XCConfigurationList section */
	};
	rootObject = 4A77731D1DFBAF4900F43A39 /* Project object */;
}
